{
  "originHash" : "ce3f4b25187f6788f626dcbe9b01cbcf81a2e4f28da4f0222a0aba75f9ff38fd",
  "pins" : [
    {
      "identity" : "perso-interactive-ondevice-sdk-swift",
      "kind" : "remoteSourceControl",
      "location" : "https://github.com/perso-ai/perso-interactive-ondevice-sdk-swift",
      "state" : {
        "revision" : "9e6536764863cf3db265e7d282e24e36511f3b88",
        "version" : "1.1.0"
      }
    }
  ],
  "version" : 3
}
